// !$*UTF8*$!
{
	archiveVersion = 1;
	classes = {
	};
	objectVersion = 77;
	objects = {

/* Begin PBXBuildFile section */
		158BC150A929EECC35BFEE62 /* ContentView.swift in Sources */ = {isa = PBXBuildFile; fileRef = 12BF305EF7912A66BB1CFC03 /* ContentView.swift */; };
		56F67F30183D9F9E9C8BDAC9 /* App.swift in Sources */ = {isa = PBXBuildFile; fileRef = 0A3156D0597611A95A1FEE6B /* App.swift */; };
		6210A1B80961E103CC04DD0D /* Assets.xcassets in Resources */ = {isa = PBXBuildFile; fileRef = 7474CA2A2DC8DF928BBBCA0E /* Assets.xcassets */; };
		64DE0B2C211EFF3673B5400D /* PDFCompressorTests.swift in Sources */ = {isa = PBXBuildFile; fileRef = 9D803E7BC9B4D53B46336358 /* PDFCompressorTests.swift */; };
		86570A35FF2B2157B4026823 /* PDFCompressor.swift in Sources */ = {isa = PBXBuildFile; fileRef = 147EF78476B0788DA5D51963 /* PDFCompressor.swift */; };
/* End PBXBuildFile section */

/* Begin PBXContainerItemProxy section */
		BC0D212701EC978D943B52FB /* PBXContainerItemProxy */ = {
			isa = PBXContainerItemProxy;
			containerPortal = C53181A385A1C5C513FA8023 /* Project object */;
			proxyType = 1;
			remoteGlobalIDString = EB1350F8AD8B8E6C7B0A866D;
			remoteInfo = DocumentProcessor;
		};
/* End PBXContainerItemProxy section */

/* Begin PBXFileReference section */
		0A3156D0597611A95A1FEE6B /* App.swift */ = {isa = PBXFileReference; lastKnownFileType = sourcecode.swift; path = App.swift; sourceTree = "<group>"; };
		12BF305EF7912A66BB1CFC03 /* ContentView.swift */ = {isa = PBXFileReference; lastKnownFileType = sourcecode.swift; path = ContentView.swift; sourceTree = "<group>"; };
		147EF78476B0788DA5D51963 /* PDFCompressor.swift */ = {isa = PBXFileReference; lastKnownFileType = sourcecode.swift; path = PDFCompressor.swift; sourceTree = "<group>"; };
		7474CA2A2DC8DF928BBBCA0E /* Assets.xcassets */ = {isa = PBXFileReference; lastKnownFileType = folder.assetcatalog; path = Assets.xcassets; sourceTree = "<group>"; };
		9D803E7BC9B4D53B46336358 /* PDFCompressorTests.swift */ = {isa = PBXFileReference; lastKnownFileType = sourcecode.swift; path = PDFCompressorTests.swift; sourceTree = "<group>"; };
		BF9A2DBB18CF93D34ABA07F5 /* DocumentProcessorTests.xctest */ = {isa = PBXFileReference; explicitFileType = wrapper.cfbundle; includeInIndex = 0; path = DocumentProcessorTests.xctest; sourceTree = BUILT_PRODUCTS_DIR; };
		D56D735B9813620A281A1C90 /* DocumentProcessor.app */ = {isa = PBXFileReference; explicitFileType = wrapper.application; includeInIndex = 0; path = DocumentProcessor.app; sourceTree = BUILT_PRODUCTS_DIR; };
		F8A1662207C4F4B15D02381B /* Document-processor.entitlements */ = {isa = PBXFileReference; lastKnownFileType = text.plist.entitlements; path = "Document-processor.entitlements"; sourceTree = "<group>"; };
/* End PBXFileReference section */

/* Begin PBXGroup section */
		7A456D534A322ABE4C9CCBA1 /* Resources */ = {
			isa = PBXGroup;
			children = (
				7474CA2A2DC8DF928BBBCA0E /* Assets.xcassets */,
				F8A1662207C4F4B15D02381B /* Document-processor.entitlements */,
			);
			path = Resources;
			sourceTree = "<group>";
		};
		80A35450FCED43FDCC1A5A7C /* DocumentProcessor */ = {
			isa = PBXGroup;
			children = (
				0A3156D0597611A95A1FEE6B /* App.swift */,
				12BF305EF7912A66BB1CFC03 /* ContentView.swift */,
				147EF78476B0788DA5D51963 /* PDFCompressor.swift */,
				7A456D534A322ABE4C9CCBA1 /* Resources */,
			);
			name = DocumentProcessor;
			path = Sources/DocumentProcessor;
			sourceTree = "<group>";
		};
		8133753A8BA958EDD8465FFF /* Products */ = {
			isa = PBXGroup;
			children = (
				D56D735B9813620A281A1C90 /* DocumentProcessor.app */,
				BF9A2DBB18CF93D34ABA07F5 /* DocumentProcessorTests.xctest */,
			);
			name = Products;
			sourceTree = "<group>";
		};
		8AF0614B18B008B3AFFBADCA = {
			isa = PBXGroup;
			children = (
				80A35450FCED43FDCC1A5A7C /* DocumentProcessor */,
				90FD3149FA150EE71C4983B1 /* DocumentProcessorTests */,
				8133753A8BA958EDD8465FFF /* Products */,
			);
			sourceTree = "<group>";
		};
		90FD3149FA150EE71C4983B1 /* DocumentProcessorTests */ = {
			isa = PBXGroup;
			children = (
				9D803E7BC9B4D53B46336358 /* PDFCompressorTests.swift */,
			);
			name = DocumentProcessorTests;
			path = Tests/DocumentProcessorTests;
			sourceTree = "<group>";
		};
/* End PBXGroup section */

/* Begin PBXNativeTarget section */
		0CA4C0A2F1A52FBBBCF9AC57 /* DocumentProcessorTests */ = {
			isa = PBXNativeTarget;
			buildConfigurationList = 4681DD5D048F6CCE4CC4B34B /* Build configuration list for PBXNativeTarget "DocumentProcessorTests" */;
			buildPhases = (
				27AE0414B3EECBE40D47AFDE /* Sources */,
			);
			buildRules = (
			);
			dependencies = (
				1AF5F628C215A1F7F45A3CC3 /* PBXTargetDependency */,
			);
			name = DocumentProcessorTests;
			packageProductDependencies = (
			);
			productName = DocumentProcessorTests;
			productReference = BF9A2DBB18CF93D34ABA07F5 /* DocumentProcessorTests.xctest */;
			productType = "com.apple.product-type.bundle.unit-test";
		};
		EB1350F8AD8B8E6C7B0A866D /* DocumentProcessor */ = {
			isa = PBXNativeTarget;
			buildConfigurationList = 1B6C4761011ABC96C619DFEA /* Build configuration list for PBXNativeTarget "DocumentProcessor" */;
			buildPhases = (
				BDA4E316E343D2D64591C8EB /* Sources */,
				452AD3E227D885C51EE458BA /* Resources */,
			);
			buildRules = (
			);
			dependencies = (
			);
			name = DocumentProcessor;
			packageProductDependencies = (
			);
			productName = DocumentProcessor;
			productReference = D56D735B9813620A281A1C90 /* DocumentProcessor.app */;
			productType = "com.apple.product-type.application";
		};
/* End PBXNativeTarget section */

/* Begin PBXProject section */
		C53181A385A1C5C513FA8023 /* Project object */ = {
			isa = PBXProject;
			attributes = {
				BuildIndependentTargetsInParallel = YES;
				LastUpgradeCheck = 1600;
				TargetAttributes = {
					0CA4C0A2F1A52FBBBCF9AC57 = {
						ProvisioningStyle = Automatic;
					};
					EB1350F8AD8B8E6C7B0A866D = {
						ProvisioningStyle = Automatic;
					};
				};
			};
			buildConfigurationList = 8963580416B83AE2D7DEA6AE /* Build configuration list for PBXProject "Document-processor" */;
			developmentRegion = en;
			hasScannedForEncodings = 0;
			knownRegions = (
				Base,
				en,
			);
			mainGroup = 8AF0614B18B008B3AFFBADCA;
			minimizedProjectReferenceProxies = 1;
			preferredProjectObjectVersion = 77;
			productRefGroup = 8133753A8BA958EDD8465FFF /* Products */;
			projectDirPath = "";
			projectRoot = "";
			targets = (
				EB1350F8AD8B8E6C7B0A866D /* DocumentProcessor */,
				0CA4C0A2F1A52FBBBCF9AC57 /* DocumentProcessorTests */,
			);
		};
/* End PBXProject section */

/* Begin PBXResourcesBuildPhase section */
		452AD3E227D885C51EE458BA /* Resources */ = {
			isa = PBXResourcesBuildPhase;
			buildActionMask = 2147483647;
			files = (
				6210A1B80961E103CC04DD0D /* Assets.xcassets in Resources */,
			);
			runOnlyForDeploymentPostprocessing = 0;
		};
/* End PBXResourcesBuildPhase section */

/* Begin PBXSourcesBuildPhase section */
		27AE0414B3EECBE40D47AFDE /* Sources */ = {
			isa = PBXSourcesBuildPhase;
			buildActionMask = 2147483647;
			files = (
				64DE0B2C211EFF3673B5400D /* PDFCompressorTests.swift in Sources */,
			);
			runOnlyForDeploymentPostprocessing = 0;
		};
		BDA4E316E343D2D64591C8EB /* Sources */ = {
			isa = PBXSourcesBuildPhase;
			buildActionMask = 2147483647;
			files = (
				56F67F30183D9F9E9C8BDAC9 /* App.swift in Sources */,
				158BC150A929EECC35BFEE62 /* ContentView.swift in Sources */,
				86570A35FF2B2157B4026823 /* PDFCompressor.swift in Sources */,
			);
			runOnlyForDeploymentPostprocessing = 0;
		};
/* End PBXSourcesBuildPhase section */

/* Begin PBXTargetDependency section */
		1AF5F628C215A1F7F45A3CC3 /* PBXTargetDependency */ = {
			isa = PBXTargetDependency;
			target = EB1350F8AD8B8E6C7B0A866D /* DocumentProcessor */;
			targetProxy = BC0D212701EC978D943B52FB /* PBXContainerItemProxy */;
		};
/* End PBXTargetDependency section */

/* Begin XCBuildConfiguration section */
		12719420AD0C4D2C3D62F7D3 /* Release */ = {
			isa = XCBuildConfiguration;
			buildSettings = {
				ALWAYS_SEARCH_USER_PATHS = NO;
				CLANG_ANALYZER_NONNULL = YES;
				CLANG_ANALYZER_NUMBER_OBJECT_CONVERSION = YES_AGGRESSIVE;
				CLANG_CXX_LANGUAGE_STANDARD = "gnu++14";
				CLANG_CXX_LIBRARY = "libc++";
				CLANG_ENABLE_MODULES = YES;
				CLANG_ENABLE_OBJC_ARC = YES;
				CLANG_ENABLE_OBJC_WEAK = YES;
				CLANG_WARN_BLOCK_CAPTURE_AUTORELEASING = YES;
				CLANG_WARN_BOOL_CONVERSION = YES;
				CLANG_WARN_COMMA = YES;
				CLANG_WARN_CONSTANT_CONVERSION = YES;
				CLANG_WARN_DEPRECATED_OBJC_IMPLEMENTATIONS = YES;
				CLANG_WARN_DIRECT_OBJC_ISA_USAGE = YES_ERROR;
				CLANG_WARN_DOCUMENTATION_COMMENTS = YES;
				CLANG_WARN_EMPTY_BODY = YES;
				CLANG_WARN_ENUM_CONVERSION = YES;
				CLANG_WARN_INFINITE_RECURSION = YES;
				CLANG_WARN_INT_CONVERSION = YES;
				CLANG_WARN_NON_LITERAL_NULL_CONVERSION = YES;
				CLANG_WARN_OBJC_IMPLICIT_RETAIN_SELF = YES;
				CLANG_WARN_OBJC_LITERAL_CONVERSION = YES;
				CLANG_WARN_OBJC_ROOT_CLASS = YES_ERROR;
				CLANG_WARN_QUOTED_INCLUDE_IN_FRAMEWORK_HEADER = YES;
				CLANG_WARN_RANGE_LOOP_ANALYSIS = YES;
				CLANG_WARN_STRICT_PROTOTYPES = YES;
				CLANG_WARN_SUSPICIOUS_MOVE = YES;
				CLANG_WARN_UNGUARDED_AVAILABILITY = YES_AGGRESSIVE;
				CLANG_WARN_UNREACHABLE_CODE = YES;
				CLANG_WARN__DUPLICATE_METHOD_MATCH = YES;
				COPY_PHASE_STRIP = NO;
				DEBUG_INFORMATION_FORMAT = "dwarf-with-dsym";
				ENABLE_NS_ASSERTIONS = NO;
				ENABLE_STRICT_OBJC_MSGSEND = YES;
				GCC_C_LANGUAGE_STANDARD = gnu11;
				GCC_NO_COMMON_BLOCKS = YES;
				GCC_WARN_64_TO_32_BIT_CONVERSION = YES;
				GCC_WARN_ABOUT_RETURN_TYPE = YES_ERROR;
				GCC_WARN_UNDECLARED_SELECTOR = YES;
				GCC_WARN_UNINITIALIZED_AUTOS = YES_AGGRESSIVE;
				GCC_WARN_UNUSED_FUNCTION = YES;
				GCC_WARN_UNUSED_VARIABLE = YES;
				MACOSX_DEPLOYMENT_TARGET = 15.0;
				MTL_ENABLE_DEBUG_INFO = NO;
				MTL_FAST_MATH = YES;
				PRODUCT_NAME = "$(TARGET_NAME)";
				SDKROOT = macosx;
				SWIFT_COMPILATION_MODE = wholemodule;
				SWIFT_OPTIMIZATION_LEVEL = "-O";
				SWIFT_VERSION = 6.0;
			};
			name = Release;
		};
		141957D2EC7298023F558F57 /* Debug */ = {
			isa = XCBuildConfiguration;
			buildSettings = {
				ALWAYS_SEARCH_USER_PATHS = NO;
				CLANG_ANALYZER_NONNULL = YES;
				CLANG_ANALYZER_NUMBER_OBJECT_CONVERSION = YES_AGGRESSIVE;
				CLANG_CXX_LANGUAGE_STANDARD = "gnu++14";
				CLANG_CXX_LIBRARY = "libc++";
				CLANG_ENABLE_MODULES = YES;
				CLANG_ENABLE_OBJC_ARC = YES;
				CLANG_ENABLE_OBJC_WEAK = YES;
				CLANG_WARN_BLOCK_CAPTURE_AUTORELEASING = YES;
				CLANG_WARN_BOOL_CONVERSION = YES;
				CLANG_WARN_COMMA = YES;
				CLANG_WARN_CONSTANT_CONVERSION = YES;
				CLANG_WARN_DEPRECATED_OBJC_IMPLEMENTATIONS = YES;
				CLANG_WARN_DIRECT_OBJC_ISA_USAGE = YES_ERROR;
				CLANG_WARN_DOCUMENTATION_COMMENTS = YES;
				CLANG_WARN_EMPTY_BODY = YES;
				CLANG_WARN_ENUM_CONVERSION = YES;
				CLANG_WARN_INFINITE_RECURSION = YES;
				CLANG_WARN_INT_CONVERSION = YES;
				CLANG_WARN_NON_LITERAL_NULL_CONVERSION = YES;
				CLANG_WARN_OBJC_IMPLICIT_RETAIN_SELF = YES;
				CLANG_WARN_OBJC_LITERAL_CONVERSION = YES;
				CLANG_WARN_OBJC_ROOT_CLASS = YES_ERROR;
				CLANG_WARN_QUOTED_INCLUDE_IN_FRAMEWORK_HEADER = YES;
				CLANG_WARN_RANGE_LOOP_ANALYSIS = YES;
				CLANG_WARN_STRICT_PROTOTYPES = YES;
				CLANG_WARN_SUSPICIOUS_MOVE = YES;
				CLANG_WARN_UNGUARDED_AVAILABILITY = YES_AGGRESSIVE;
				CLANG_WARN_UNREACHABLE_CODE = YES;
				CLANG_WARN__DUPLICATE_METHOD_MATCH = YES;
				COPY_PHASE_STRIP = NO;
				DEBUG_INFORMATION_FORMAT = dwarf;
				ENABLE_STRICT_OBJC_MSGSEND = YES;
				ENABLE_TESTABILITY = YES;
				GCC_C_LANGUAGE_STANDARD = gnu11;
				GCC_DYNAMIC_NO_PIC = NO;
				GCC_NO_COMMON_BLOCKS = YES;
				GCC_OPTIMIZATION_LEVEL = 0;
				GCC_PREPROCESSOR_DEFINITIONS = (
					"$(inherited)",
					"DEBUG=1",
				);
				GCC_WARN_64_TO_32_BIT_CONVERSION = YES;
				GCC_WARN_ABOUT_RETURN_TYPE = YES_ERROR;
				GCC_WARN_UNDECLARED_SELECTOR = YES;
				GCC_WARN_UNINITIALIZED_AUTOS = YES_AGGRESSIVE;
				GCC_WARN_UNUSED_FUNCTION = YES;
				GCC_WARN_UNUSED_VARIABLE = YES;
				MACOSX_DEPLOYMENT_TARGET = 15.0;
				MTL_ENABLE_DEBUG_INFO = INCLUDE_SOURCE;
				MTL_FAST_MATH = YES;
				ONLY_ACTIVE_ARCH = YES;
				PRODUCT_NAME = "$(TARGET_NAME)";
				SDKROOT = macosx;
				SWIFT_ACTIVE_COMPILATION_CONDITIONS = DEBUG;
				SWIFT_OPTIMIZATION_LEVEL = "-Onone";
				SWIFT_VERSION = 6.0;
			};
			name = Debug;
		};
		62C013DC14F8107928EA0E7A /* Debug */ = {
			isa = XCBuildConfiguration;
			buildSettings = {
				ASSETCATALOG_COMPILER_APPICON_NAME = AppIcon;
				CODE_SIGN_ENTITLEMENTS = "Sources/DocumentProcessor/Resources/Document-processor.entitlements";
				CODE_SIGN_IDENTITY = "-";
				CODE_SIGN_STYLE = Automatic;
				COMBINE_HIDPI_IMAGES = YES;
				INFOPLIST_FILE = "Packaging/DocumentProcessor-Info.plist";
				LD_RUNPATH_SEARCH_PATHS = (
					"$(inherited)",
					"@executable_path/../Frameworks",
				);
				PRODUCT_BUNDLE_IDENTIFIER = "com.document-processor.app";
				PRODUCT_NAME = DocumentProcessor;
				SDKROOT = macosx;
				SWIFT_EMIT_LOC_STRINGS = YES;
			};
			name = Debug;
		};
		713704DCEF760051B5B2C8B9 /* Release */ = {
			isa = XCBuildConfiguration;
			buildSettings = {
				ASSETCATALOG_COMPILER_APPICON_NAME = AppIcon;
				CODE_SIGN_ENTITLEMENTS = "Sources/DocumentProcessor/Resources/Document-processor.entitlements";
				CODE_SIGN_IDENTITY = "-";
				CODE_SIGN_STYLE = Automatic;
				COMBINE_HIDPI_IMAGES = YES;
				INFOPLIST_FILE = "Packaging/DocumentProcessor-Info.plist";
				LD_RUNPATH_SEARCH_PATHS = (
					"$(inherited)",
					"@executable_path/../Frameworks",
				);
				PRODUCT_BUNDLE_IDENTIFIER = "com.document-processor.app";
				PRODUCT_NAME = DocumentProcessor;
				SDKROOT = macosx;
				SWIFT_EMIT_LOC_STRINGS = YES;
			};
			name = Release;
		};
		B03477A3E2BA4719619DD85A /* Release */ = {
			isa = XCBuildConfiguration;
			buildSettings = {
				BUNDLE_LOADER = "$(TEST_HOST)";
				CODE_SIGN_IDENTITY = "-";
				CODE_SIGN_STYLE = Automatic;
				COMBINE_HIDPI_IMAGES = YES;
				GENERATE_INFOPLIST_FILE = YES;
				LD_RUNPATH_SEARCH_PATHS = (
					"$(inherited)",
					"@executable_path/../Frameworks",
					"@loader_path/../Frameworks",
				);
				PRODUCT_BUNDLE_IDENTIFIER = "com.document-processor.app.tests";
				SDKROOT = macosx;
				TEST_HOST = "$(BUILT_PRODUCTS_DIR)/DocumentProcessor.app/Contents/MacOS/DocumentProcessor";
			};
			name = Release;
		};
		BB629F35C165B16FE80F13AD /* Debug */ = {
			isa = XCBuildConfiguration;
			buildSettings = {
				BUNDLE_LOADER = "$(TEST_HOST)";
				CODE_SIGN_IDENTITY = "-";
				CODE_SIGN_STYLE = Automatic;
				COMBINE_HIDPI_IMAGES = YES;
				GENERATE_INFOPLIST_FILE = YES;
				LD_RUNPATH_SEARCH_PATHS = (
					"$(inherited)",
					"@executable_path/../Frameworks",
					"@loader_path/../Frameworks",
				);
				PRODUCT_BUNDLE_IDENTIFIER = "com.document-processor.app.tests";
				SDKROOT = macosx;
				TEST_HOST = "$(BUILT_PRODUCTS_DIR)/DocumentProcessor.app/Contents/MacOS/DocumentProcessor";
			};
			name = Debug;
		};
/* End XCBuildConfiguration section */

/* Begin XCConfigurationList section */
		1B6C4761011ABC96C619DFEA /* Build configuration list for PBXNativeTarget "DocumentProcessor" */ = {
			isa = XCConfigurationList;
			buildConfigurations = (
				62C013DC14F8107928EA0E7A /* Debug */,
				713704DCEF760051B5B2C8B9 /* Release */,
			);
			defaultConfigurationIsVisible = 0;
			defaultConfigurationName = Debug;
		};
		4681DD5D048F6CCE4CC4B34B /* Build configuration list for PBXNativeTarget "DocumentProcessorTests" */ = {
			isa = XCConfigurationList;
			buildConfigurations = (
				BB629F35C165B16FE80F13AD /* Debug */,
				B03477A3E2BA4719619DD85A /* Release */,
			);
			defaultConfigurationIsVisible = 0;
			defaultConfigurationName = Debug;
		};
		8963580416B83AE2D7DEA6AE /* Build configuration list for PBXProject "Document-processor" */ = {
			isa = XCConfigurationList;
			buildConfigurations = (
				141957D2EC7298023F558F57 /* Debug */,
				12719420AD0C4D2C3D62F7D3 /* Release */,
			);
			defaultConfigurationIsVisible = 0;
			defaultConfigurationName = Debug;
		};
/* End XCConfigurationList section */
	};
	rootObject = C53181A385A1C5C513FA8023 /* Project object */;
}
